
Microsoft Visual Studio Solution File, Format Version 12.00
# Visual Studio Version 17
VisualStudioVersion = 17.2.32505.173
MinimumVisualStudioVersion = 10.0.40219.1
Project("{9A19103F-16F7-4668-BE54-9A1E7A4F7556}") = "T01 Old Books", "T01 Old Books\T01 Old Books.csproj", "{B068247E-E00D-4589-A397-32E042236B87}"
EndProject
Project("{9A19103F-16F7-4668-BE54-9A1E7A4F7556}") = "T02 Exam Preparation", "T02 Exam Preparation\T02 Exam Preparation.csproj", "{40347DB5-6EDE-4F84-BFCA-F8533D326429}"
EndProject
Project("{FAE04EC0-301F-11D3-BF4B-00C04F79EFBC}") = "T03 Vacation", "T03 Vacation\T03 Vacation.csproj", "{8A85AEEB-F1EA-42C2-9688-4D3EC992F27A}"
EndProject
Project("{FAE04EC0-301F-11D3-BF4B-00C04F79EFBC}") = "T04 Walking", "T04 Walking\T04 Walking.csproj", "{45FB3BAA-D939-4AF8-A7DC-93152D06D608}"
EndProject
Project("{FAE04EC0-301F-11D3-BF4B-00C04F79EFBC}") = "T05 Coins", "T05 Coins\T05 Coins.csproj", "{97204F8C-6B85-4807-BFED-6EF1C5AC7948}"
EndProject
Project("{FAE04EC0-301F-11D3-BF4B-00C04F79EFBC}") = "T06 Cake", "T06 Cake\T06 Cake.csproj", "{D1CE7A8D-5588-4B43-90CA-09B63977E9FA}"
EndProject
Project("{FAE04EC0-301F-11D3-BF4B-00C04F79EFBC}") = "T07 Moving", "T07 Moving\T07 Moving.csproj", "{96630613-25F2-4FDF-AC1C-020CBAE5E174}"
EndProject
Global
	GlobalSection(SolutionConfigurationPlatforms) = preSolution
		Debug|Any CPU = Debug|Any CPU
		Release|Any CPU = Release|Any CPU
	EndGlobalSection
	GlobalSection(ProjectConfigurationPlatforms) = postSolution
		{B068247E-E00D-4589-A397-32E042236B87}.Debug|Any CPU.ActiveCfg = Debug|Any CPU
		{B068247E-E00D-4589-A397-32E042236B87}.Debug|Any CPU.Build.0 = Debug|Any CPU
		{B068247E-E00D-4589-A397-32E042236B87}.Release|Any CPU.ActiveCfg = Release|Any CPU
		{B068247E-E00D-4589-A397-32E042236B87}.Release|Any CPU.Build.0 = Release|Any CPU
		{40347DB5-6EDE-4F84-BFCA-F8533D326429}.Debug|Any CPU.ActiveCfg = Debug|Any CPU
		{40347DB5-6EDE-4F84-BFCA-F8533D326429}.Debug|Any CPU.Build.0 = Debug|Any CPU
		{40347DB5-6EDE-4F84-BFCA-F8533D326429}.Release|Any CPU.ActiveCfg = Release|Any CPU
		{40347DB5-6EDE-4F84-BFCA-F8533D326429}.Release|Any CPU.Build.0 = Release|Any CPU
		{8A85AEEB-F1EA-42C2-9688-4D3EC992F27A}.Debug|Any CPU.ActiveCfg = Debug|Any CPU
		{8A85AEEB-F1EA-42C2-9688-4D3EC992F27A}.Debug|Any CPU.Build.0 = Debug|Any CPU
		{8A85AEEB-F1EA-42C2-9688-4D3EC992F27A}.Release|Any CPU.ActiveCfg = Release|Any CPU
		{8A85AEEB-F1EA-42C2-9688-4D3EC992F27A}.Release|Any CPU.Build.0 = Release|Any CPU
		{45FB3BAA-D939-4AF8-A7DC-93152D06D608}.Debug|Any CPU.ActiveCfg = Debug|Any CPU
		{45FB3BAA-D939-4AF8-A7DC-93152D06D608}.Debug|Any CPU.Build.0 = Debug|Any CPU
		{45FB3BAA-D939-4AF8-A7DC-93152D06D608}.Release|Any CPU.ActiveCfg = Release|Any CPU
		{45FB3BAA-D939-4AF8-A7DC-93152D06D608}.Release|Any CPU.Build.0 = Release|Any CPU
		{97204F8C-6B85-4807-BFED-6EF1C5AC7948}.Debug|Any CPU.ActiveCfg = Debug|Any CPU
		{97204F8C-6B85-4807-BFED-6EF1C5AC7948}.Debug|Any CPU.Build.0 = Debug|Any CPU
		{97204F8C-6B85-4807-BFED-6EF1C5AC7948}.Release|Any CPU.ActiveCfg = Release|Any CPU
		{97204F8C-6B85-4807-BFED-6EF1C5AC7948}.Release|Any CPU.Build.0 = Release|Any CPU
		{D1CE7A8D-5588-4B43-90CA-09B63977E9FA}.Debug|Any CPU.ActiveCfg = Debug|Any CPU
		{D1CE7A8D-5588-4B43-90CA-09B63977E9FA}.Debug|Any CPU.Build.0 = Debug|Any CPU
		{D1CE7A8D-5588-4B43-90CA-09B63977E9FA}.Release|Any CPU.ActiveCfg = Release|Any CPU
		{D1CE7A8D-5588-4B43-90CA-09B63977E9FA}.Release|Any CPU.Build.0 = Release|Any CPU
		{96630613-25F2-4FDF-AC1C-020CBAE5E174}.Debug|Any CPU.ActiveCfg = Debug|Any CPU
		{96630613-25F2-4FDF-AC1C-020CBAE5E174}.Debug|Any CPU.Build.0 = Debug|Any CPU
		{96630613-25F2-4FDF-AC1C-020CBAE5E174}.Release|Any CPU.ActiveCfg = Release|Any CPU
		{96630613-25F2-4FDF-AC1C-020CBAE5E174}.Release|Any CPU.Build.0 = Release|Any CPU
	EndGlobalSection
	GlobalSection(SolutionProperties) = preSolution
		HideSolutionNode = FALSE
	EndGlobalSection
	GlobalSection(ExtensibilityGlobals) = postSolution
		SolutionGuid = {F0AA85AA-FA26-40D1-AE44-50DF113BF69A}
	EndGlobalSection
EndGlobal
