
Microsoft Visual Studio Solution File, Format Version 12.00
# Visual Studio Version 17
VisualStudioVersion = 17.2.32505.173
MinimumVisualStudioVersion = 10.0.40219.1
Project("{FAE04EC0-301F-11D3-BF4B-00C04F79EFBC}") = "T01 Count Same Values in Array", "T01 Count Same Values in Array\T01 Count Same Values in Array.csproj", "{EAA7C1D8-89C7-4AE9-9368-2F5227EC385D}"
EndProject
Project("{FAE04EC0-301F-11D3-BF4B-00C04F79EFBC}") = "T02 Average Student Grades", "T02 Average Student Grades\T02 Average Student Grades.csproj", "{1CA8FDF2-13D9-4AE4-BD96-8A071E01B22A}"
EndProject
Project("{FAE04EC0-301F-11D3-BF4B-00C04F79EFBC}") = "T03 Largest 3 Numbers", "T03 Largest 3 Numbers\T03 Largest 3 Numbers.csproj", "{B4CD3167-E1FC-4BE5-9755-20D3B0E14A2D}"
EndProject
Project("{FAE04EC0-301F-11D3-BF4B-00C04F79EFBC}") = "T04 Product Shop", "T04 Product Shop\T04 Product Shop.csproj", "{A76DA273-F9E4-4F19-9173-83B739C215B4}"
EndProject
Project("{FAE04EC0-301F-11D3-BF4B-00C04F79EFBC}") = "T05 Cities by Continent and Country", "T05 Cities by Continent and Country\T05 Cities by Continent and Country.csproj", "{FE6148A0-F134-471B-ABD7-BB67BEEE1B28}"
EndProject
Project("{FAE04EC0-301F-11D3-BF4B-00C04F79EFBC}") = "T06 Record Unique Names", "T06 Record Unique Names\T06 Record Unique Names.csproj", "{8AC8BC8D-57CD-46B1-B6BF-C9D7E1BA1B7F}"
EndProject
Project("{FAE04EC0-301F-11D3-BF4B-00C04F79EFBC}") = "T07 Parking Lot", "T07 Parking Lot\T07 Parking Lot.csproj", "{DCA93CD3-5AAF-455D-AD8E-360168C8E546}"
EndProject
Global
	GlobalSection(SolutionConfigurationPlatforms) = preSolution
		Debug|Any CPU = Debug|Any CPU
		Release|Any CPU = Release|Any CPU
	EndGlobalSection
	GlobalSection(ProjectConfigurationPlatforms) = postSolution
		{EAA7C1D8-89C7-4AE9-9368-2F5227EC385D}.Debug|Any CPU.ActiveCfg = Debug|Any CPU
		{EAA7C1D8-89C7-4AE9-9368-2F5227EC385D}.Debug|Any CPU.Build.0 = Debug|Any CPU
		{EAA7C1D8-89C7-4AE9-9368-2F5227EC385D}.Release|Any CPU.ActiveCfg = Release|Any CPU
		{EAA7C1D8-89C7-4AE9-9368-2F5227EC385D}.Release|Any CPU.Build.0 = Release|Any CPU
		{1CA8FDF2-13D9-4AE4-BD96-8A071E01B22A}.Debug|Any CPU.ActiveCfg = Debug|Any CPU
		{1CA8FDF2-13D9-4AE4-BD96-8A071E01B22A}.Debug|Any CPU.Build.0 = Debug|Any CPU
		{1CA8FDF2-13D9-4AE4-BD96-8A071E01B22A}.Release|Any CPU.ActiveCfg = Release|Any CPU
		{1CA8FDF2-13D9-4AE4-BD96-8A071E01B22A}.Release|Any CPU.Build.0 = Release|Any CPU
		{B4CD3167-E1FC-4BE5-9755-20D3B0E14A2D}.Debug|Any CPU.ActiveCfg = Debug|Any CPU
		{B4CD3167-E1FC-4BE5-9755-20D3B0E14A2D}.Debug|Any CPU.Build.0 = Debug|Any CPU
		{B4CD3167-E1FC-4BE5-9755-20D3B0E14A2D}.Release|Any CPU.ActiveCfg = Release|Any CPU
		{B4CD3167-E1FC-4BE5-9755-20D3B0E14A2D}.Release|Any CPU.Build.0 = Release|Any CPU
		{A76DA273-F9E4-4F19-9173-83B739C215B4}.Debug|Any CPU.ActiveCfg = Debug|Any CPU
		{A76DA273-F9E4-4F19-9173-83B739C215B4}.Debug|Any CPU.Build.0 = Debug|Any CPU
		{A76DA273-F9E4-4F19-9173-83B739C215B4}.Release|Any CPU.ActiveCfg = Release|Any CPU
		{A76DA273-F9E4-4F19-9173-83B739C215B4}.Release|Any CPU.Build.0 = Release|Any CPU
		{FE6148A0-F134-471B-ABD7-BB67BEEE1B28}.Debug|Any CPU.ActiveCfg = Debug|Any CPU
		{FE6148A0-F134-471B-ABD7-BB67BEEE1B28}.Debug|Any CPU.Build.0 = Debug|Any CPU
		{FE6148A0-F134-471B-ABD7-BB67BEEE1B28}.Release|Any CPU.ActiveCfg = Release|Any CPU
		{FE6148A0-F134-471B-ABD7-BB67BEEE1B28}.Release|Any CPU.Build.0 = Release|Any CPU
		{8AC8BC8D-57CD-46B1-B6BF-C9D7E1BA1B7F}.Debug|Any CPU.ActiveCfg = Debug|Any CPU
		{8AC8BC8D-57CD-46B1-B6BF-C9D7E1BA1B7F}.Debug|Any CPU.Build.0 = Debug|Any CPU
		{8AC8BC8D-57CD-46B1-B6BF-C9D7E1BA1B7F}.Release|Any CPU.ActiveCfg = Release|Any CPU
		{8AC8BC8D-57CD-46B1-B6BF-C9D7E1BA1B7F}.Release|Any CPU.Build.0 = Release|Any CPU
		{DCA93CD3-5AAF-455D-AD8E-360168C8E546}.Debug|Any CPU.ActiveCfg = Debug|Any CPU
		{DCA93CD3-5AAF-455D-AD8E-360168C8E546}.Debug|Any CPU.Build.0 = Debug|Any CPU
		{DCA93CD3-5AAF-455D-AD8E-360168C8E546}.Release|Any CPU.ActiveCfg = Release|Any CPU
		{DCA93CD3-5AAF-455D-AD8E-360168C8E546}.Release|Any CPU.Build.0 = Release|Any CPU
	EndGlobalSection
	GlobalSection(SolutionProperties) = preSolution
		HideSolutionNode = FALSE
	EndGlobalSection
	GlobalSection(ExtensibilityGlobals) = postSolution
		SolutionGuid = {37CA6D57-0357-4FDE-9364-47E8E9AB0E92}
	EndGlobalSection
EndGlobal
