
Microsoft Visual Studio Solution File, Format Version 12.00
# Visual Studio Version 17
VisualStudioVersion = 17.2.32505.173
MinimumVisualStudioVersion = 10.0.40219.1
Project("{9A19103F-16F7-4668-BE54-9A1E7A4F7556}") = "T01 Reverse a String", "T01 Reverse a String\T01 Reverse a String.csproj", "{DFBFC7C6-D7E7-487B-A2BF-8CAD8287DFF4}"
EndProject
Project("{9A19103F-16F7-4668-BE54-9A1E7A4F7556}") = "T02 Stack Sum", "T02 Stack Sum\T02 Stack Sum.csproj", "{D878EACB-A1BE-4156-9972-7D1A4FC0F167}"
EndProject
Project("{9A19103F-16F7-4668-BE54-9A1E7A4F7556}") = "T03 Simple Calculator", "T03 Simple Calculator\T03 Simple Calculator.csproj", "{26DA90EA-52D7-4EBF-B7C8-9654B1BA66C1}"
EndProject
Project("{9A19103F-16F7-4668-BE54-9A1E7A4F7556}") = "T04 Matching Brackets", "T04 Matching Brackets\T04 Matching Brackets.csproj", "{A0DD10A9-7C57-4926-9D9F-43440AFF8B51}"
EndProject
Project("{FAE04EC0-301F-11D3-BF4B-00C04F79EFBC}") = "T05 Print Even Numbers", "T05 Print Even Numbers\T05 Print Even Numbers.csproj", "{A080DB2F-D7DC-4C95-A78E-E2F765A63B6D}"
EndProject
Project("{FAE04EC0-301F-11D3-BF4B-00C04F79EFBC}") = "T06 Supermarket", "T06 Supermarket\T06 Supermarket.csproj", "{96CBAD02-E109-4130-85B2-F2F0E2447048}"
EndProject
Project("{FAE04EC0-301F-11D3-BF4B-00C04F79EFBC}") = "T07 Hot Potato", "T07 Hot Potato\T07 Hot Potato.csproj", "{FB726CD5-5DB3-4338-B446-7C0ABDD913FD}"
EndProject
Project("{FAE04EC0-301F-11D3-BF4B-00C04F79EFBC}") = "T08 Traffic Jam", "T08 Traffic Jam\T08 Traffic Jam.csproj", "{90A73843-C1A7-40E4-BD9C-214C813240B8}"
EndProject
Global
	GlobalSection(SolutionConfigurationPlatforms) = preSolution
		Debug|Any CPU = Debug|Any CPU
		Release|Any CPU = Release|Any CPU
	EndGlobalSection
	GlobalSection(ProjectConfigurationPlatforms) = postSolution
		{DFBFC7C6-D7E7-487B-A2BF-8CAD8287DFF4}.Debug|Any CPU.ActiveCfg = Debug|Any CPU
		{DFBFC7C6-D7E7-487B-A2BF-8CAD8287DFF4}.Debug|Any CPU.Build.0 = Debug|Any CPU
		{DFBFC7C6-D7E7-487B-A2BF-8CAD8287DFF4}.Release|Any CPU.ActiveCfg = Release|Any CPU
		{DFBFC7C6-D7E7-487B-A2BF-8CAD8287DFF4}.Release|Any CPU.Build.0 = Release|Any CPU
		{D878EACB-A1BE-4156-9972-7D1A4FC0F167}.Debug|Any CPU.ActiveCfg = Debug|Any CPU
		{D878EACB-A1BE-4156-9972-7D1A4FC0F167}.Debug|Any CPU.Build.0 = Debug|Any CPU
		{D878EACB-A1BE-4156-9972-7D1A4FC0F167}.Release|Any CPU.ActiveCfg = Release|Any CPU
		{D878EACB-A1BE-4156-9972-7D1A4FC0F167}.Release|Any CPU.Build.0 = Release|Any CPU
		{26DA90EA-52D7-4EBF-B7C8-9654B1BA66C1}.Debug|Any CPU.ActiveCfg = Debug|Any CPU
		{26DA90EA-52D7-4EBF-B7C8-9654B1BA66C1}.Debug|Any CPU.Build.0 = Debug|Any CPU
		{26DA90EA-52D7-4EBF-B7C8-9654B1BA66C1}.Release|Any CPU.ActiveCfg = Release|Any CPU
		{26DA90EA-52D7-4EBF-B7C8-9654B1BA66C1}.Release|Any CPU.Build.0 = Release|Any CPU
		{A0DD10A9-7C57-4926-9D9F-43440AFF8B51}.Debug|Any CPU.ActiveCfg = Debug|Any CPU
		{A0DD10A9-7C57-4926-9D9F-43440AFF8B51}.Debug|Any CPU.Build.0 = Debug|Any CPU
		{A0DD10A9-7C57-4926-9D9F-43440AFF8B51}.Release|Any CPU.ActiveCfg = Release|Any CPU
		{A0DD10A9-7C57-4926-9D9F-43440AFF8B51}.Release|Any CPU.Build.0 = Release|Any CPU
		{A080DB2F-D7DC-4C95-A78E-E2F765A63B6D}.Debug|Any CPU.ActiveCfg = Debug|Any CPU
		{A080DB2F-D7DC-4C95-A78E-E2F765A63B6D}.Debug|Any CPU.Build.0 = Debug|Any CPU
		{A080DB2F-D7DC-4C95-A78E-E2F765A63B6D}.Release|Any CPU.ActiveCfg = Release|Any CPU
		{A080DB2F-D7DC-4C95-A78E-E2F765A63B6D}.Release|Any CPU.Build.0 = Release|Any CPU
		{96CBAD02-E109-4130-85B2-F2F0E2447048}.Debug|Any CPU.ActiveCfg = Debug|Any CPU
		{96CBAD02-E109-4130-85B2-F2F0E2447048}.Debug|Any CPU.Build.0 = Debug|Any CPU
		{96CBAD02-E109-4130-85B2-F2F0E2447048}.Release|Any CPU.ActiveCfg = Release|Any CPU
		{96CBAD02-E109-4130-85B2-F2F0E2447048}.Release|Any CPU.Build.0 = Release|Any CPU
		{FB726CD5-5DB3-4338-B446-7C0ABDD913FD}.Debug|Any CPU.ActiveCfg = Debug|Any CPU
		{FB726CD5-5DB3-4338-B446-7C0ABDD913FD}.Debug|Any CPU.Build.0 = Debug|Any CPU
		{FB726CD5-5DB3-4338-B446-7C0ABDD913FD}.Release|Any CPU.ActiveCfg = Release|Any CPU
		{FB726CD5-5DB3-4338-B446-7C0ABDD913FD}.Release|Any CPU.Build.0 = Release|Any CPU
		{90A73843-C1A7-40E4-BD9C-214C813240B8}.Debug|Any CPU.ActiveCfg = Debug|Any CPU
		{90A73843-C1A7-40E4-BD9C-214C813240B8}.Debug|Any CPU.Build.0 = Debug|Any CPU
		{90A73843-C1A7-40E4-BD9C-214C813240B8}.Release|Any CPU.ActiveCfg = Release|Any CPU
		{90A73843-C1A7-40E4-BD9C-214C813240B8}.Release|Any CPU.Build.0 = Release|Any CPU
	EndGlobalSection
	GlobalSection(SolutionProperties) = preSolution
		HideSolutionNode = FALSE
	EndGlobalSection
	GlobalSection(ExtensibilityGlobals) = postSolution
		SolutionGuid = {9E65CAC6-5268-452C-83CF-0EF9791FEDEA}
	EndGlobalSection
EndGlobal
