
Microsoft Visual Studio Solution File, Format Version 12.00
# Visual Studio Version 17
VisualStudioVersion = 17.1.32328.378
MinimumVisualStudioVersion = 10.0.40219.1
Project("{FAE04EC0-301F-11D3-BF4B-00C04F79EFBC}") = "T02.HelloSoftUni", "T02.HelloSoftUni\T02.HelloSoftUni.csproj", "{550E4406-F35B-4456-B51A-D55CCC61487E}"
EndProject
Global
	GlobalSection(SolutionConfigurationPlatforms) = preSolution
		Debug|Any CPU = Debug|Any CPU
		Release|Any CPU = Release|Any CPU
	EndGlobalSection
	GlobalSection(ProjectConfigurationPlatforms) = postSolution
		{550E4406-F35B-4456-B51A-D55CCC61487E}.Debug|Any CPU.ActiveCfg = Debug|Any CPU
		{550E4406-F35B-4456-B51A-D55CCC61487E}.Debug|Any CPU.Build.0 = Debug|Any CPU
		{550E4406-F35B-4456-B51A-D55CCC61487E}.Release|Any CPU.ActiveCfg = Release|Any CPU
		{550E4406-F35B-4456-B51A-D55CCC61487E}.Release|Any CPU.Build.0 = Release|Any CPU
	EndGlobalSection
	GlobalSection(SolutionProperties) = preSolution
		HideSolutionNode = FALSE
	EndGlobalSection
	GlobalSection(ExtensibilityGlobals) = postSolution
		SolutionGuid = {7C547977-4E1D-44EC-A2BE-867B2A5C3145}
	EndGlobalSection
EndGlobal
