
Microsoft Visual Studio Solution File, Format Version 12.00
# Visual Studio Version 17
VisualStudioVersion = 17.2.32505.173
MinimumVisualStudioVersion = 10.0.40219.1
Project("{9A19103F-16F7-4668-BE54-9A1E7A4F7556}") = "T01 Even Lines", "T01 Even Lines\T01 Even Lines.csproj", "{1E2F66C4-55D3-462E-8225-9F05C50652C0}"
EndProject
Project("{9A19103F-16F7-4668-BE54-9A1E7A4F7556}") = "T02 Line Numbers", "T02 Line Numbers\T02 Line Numbers.csproj", "{3B099AE3-7406-4C7D-A97B-571E852ED463}"
EndProject
Project("{9A19103F-16F7-4668-BE54-9A1E7A4F7556}") = "Line Numbers - Again", "Line Numbers - Again\Line Numbers - Again.csproj", "{B72F0613-6108-46B7-B065-32B7FF3EFA79}"
EndProject
Project("{9A19103F-16F7-4668-BE54-9A1E7A4F7556}") = "T03 Copy Binary File", "T03 Copy Binary File\T03 Copy Binary File.csproj", "{3ECAD543-FC61-4361-836E-61C6022EE251}"
EndProject
Project("{9A19103F-16F7-4668-BE54-9A1E7A4F7556}") = "T04 Directory Traversal", "T04 Directory Traversal\T04 Directory Traversal.csproj", "{671C6083-2CF4-461D-9A5B-9AC9BADD57BC}"
EndProject
Project("{9A19103F-16F7-4668-BE54-9A1E7A4F7556}") = "copy, again", "copy, again\copy, again.csproj", "{DDAA8368-DA9D-44D0-94AE-A75BEA16350E}"
EndProject
Project("{FAE04EC0-301F-11D3-BF4B-00C04F79EFBC}") = "T05 Copy Directory", "T05 Copy Directory\T05 Copy Directory.csproj", "{31E089E6-60A9-4116-9DB3-0F5030AA8B3C}"
EndProject
Project("{FAE04EC0-301F-11D3-BF4B-00C04F79EFBC}") = "T06 Zip and Extract", "T06 Zip and Extract\T06 Zip and Extract.csproj", "{F6ACEFE7-4D80-42BF-9D90-05EAC9438F5A}"
EndProject
Global
	GlobalSection(SolutionConfigurationPlatforms) = preSolution
		Debug|Any CPU = Debug|Any CPU
		Release|Any CPU = Release|Any CPU
	EndGlobalSection
	GlobalSection(ProjectConfigurationPlatforms) = postSolution
		{1E2F66C4-55D3-462E-8225-9F05C50652C0}.Debug|Any CPU.ActiveCfg = Debug|Any CPU
		{1E2F66C4-55D3-462E-8225-9F05C50652C0}.Debug|Any CPU.Build.0 = Debug|Any CPU
		{1E2F66C4-55D3-462E-8225-9F05C50652C0}.Release|Any CPU.ActiveCfg = Release|Any CPU
		{1E2F66C4-55D3-462E-8225-9F05C50652C0}.Release|Any CPU.Build.0 = Release|Any CPU
		{3B099AE3-7406-4C7D-A97B-571E852ED463}.Debug|Any CPU.ActiveCfg = Debug|Any CPU
		{3B099AE3-7406-4C7D-A97B-571E852ED463}.Debug|Any CPU.Build.0 = Debug|Any CPU
		{3B099AE3-7406-4C7D-A97B-571E852ED463}.Release|Any CPU.ActiveCfg = Release|Any CPU
		{3B099AE3-7406-4C7D-A97B-571E852ED463}.Release|Any CPU.Build.0 = Release|Any CPU
		{B72F0613-6108-46B7-B065-32B7FF3EFA79}.Debug|Any CPU.ActiveCfg = Debug|Any CPU
		{B72F0613-6108-46B7-B065-32B7FF3EFA79}.Debug|Any CPU.Build.0 = Debug|Any CPU
		{B72F0613-6108-46B7-B065-32B7FF3EFA79}.Release|Any CPU.ActiveCfg = Release|Any CPU
		{B72F0613-6108-46B7-B065-32B7FF3EFA79}.Release|Any CPU.Build.0 = Release|Any CPU
		{3ECAD543-FC61-4361-836E-61C6022EE251}.Debug|Any CPU.ActiveCfg = Debug|Any CPU
		{3ECAD543-FC61-4361-836E-61C6022EE251}.Debug|Any CPU.Build.0 = Debug|Any CPU
		{3ECAD543-FC61-4361-836E-61C6022EE251}.Release|Any CPU.ActiveCfg = Release|Any CPU
		{3ECAD543-FC61-4361-836E-61C6022EE251}.Release|Any CPU.Build.0 = Release|Any CPU
		{671C6083-2CF4-461D-9A5B-9AC9BADD57BC}.Debug|Any CPU.ActiveCfg = Debug|Any CPU
		{671C6083-2CF4-461D-9A5B-9AC9BADD57BC}.Debug|Any CPU.Build.0 = Debug|Any CPU
		{671C6083-2CF4-461D-9A5B-9AC9BADD57BC}.Release|Any CPU.ActiveCfg = Release|Any CPU
		{671C6083-2CF4-461D-9A5B-9AC9BADD57BC}.Release|Any CPU.Build.0 = Release|Any CPU
		{DDAA8368-DA9D-44D0-94AE-A75BEA16350E}.Debug|Any CPU.ActiveCfg = Debug|Any CPU
		{DDAA8368-DA9D-44D0-94AE-A75BEA16350E}.Debug|Any CPU.Build.0 = Debug|Any CPU
		{DDAA8368-DA9D-44D0-94AE-A75BEA16350E}.Release|Any CPU.ActiveCfg = Release|Any CPU
		{DDAA8368-DA9D-44D0-94AE-A75BEA16350E}.Release|Any CPU.Build.0 = Release|Any CPU
		{31E089E6-60A9-4116-9DB3-0F5030AA8B3C}.Debug|Any CPU.ActiveCfg = Debug|Any CPU
		{31E089E6-60A9-4116-9DB3-0F5030AA8B3C}.Debug|Any CPU.Build.0 = Debug|Any CPU
		{31E089E6-60A9-4116-9DB3-0F5030AA8B3C}.Release|Any CPU.ActiveCfg = Release|Any CPU
		{31E089E6-60A9-4116-9DB3-0F5030AA8B3C}.Release|Any CPU.Build.0 = Release|Any CPU
		{F6ACEFE7-4D80-42BF-9D90-05EAC9438F5A}.Debug|Any CPU.ActiveCfg = Debug|Any CPU
		{F6ACEFE7-4D80-42BF-9D90-05EAC9438F5A}.Debug|Any CPU.Build.0 = Debug|Any CPU
		{F6ACEFE7-4D80-42BF-9D90-05EAC9438F5A}.Release|Any CPU.ActiveCfg = Release|Any CPU
		{F6ACEFE7-4D80-42BF-9D90-05EAC9438F5A}.Release|Any CPU.Build.0 = Release|Any CPU
	EndGlobalSection
	GlobalSection(SolutionProperties) = preSolution
		HideSolutionNode = FALSE
	EndGlobalSection
	GlobalSection(ExtensibilityGlobals) = postSolution
		SolutionGuid = {615C281F-5C1F-46A1-A457-1CA0B69AF827}
	EndGlobalSection
EndGlobal
