
Microsoft Visual Studio Solution File, Format Version 12.00
# Visual Studio Version 17
VisualStudioVersion = 17.2.32505.173
MinimumVisualStudioVersion = 10.0.40219.1
Project("{9A19103F-16F7-4668-BE54-9A1E7A4F7556}") = "T01 Unique Usernames", "T01 Unique Usernames\T01 Unique Usernames.csproj", "{6B337050-7680-484B-A365-CAA431040EB9}"
EndProject
Project("{9A19103F-16F7-4668-BE54-9A1E7A4F7556}") = "T02 Sets of Elements", "T02 Sets of Elements\T02 Sets of Elements.csproj", "{193DE936-E3B0-47FB-AA93-F5A1839951E1}"
EndProject
Project("{9A19103F-16F7-4668-BE54-9A1E7A4F7556}") = "T03 Periodic Table", "T03 Periodic Table\T03 Periodic Table.csproj", "{5A6D7046-3C95-4BEA-B40A-797131316DD1}"
EndProject
Project("{9A19103F-16F7-4668-BE54-9A1E7A4F7556}") = "T04 Even Times", "T04 Even Times\T04 Even Times.csproj", "{D7E1C08D-4BF0-4881-8CB4-0FCCCF4CB6A4}"
EndProject
Project("{9A19103F-16F7-4668-BE54-9A1E7A4F7556}") = "T05 Count Symbols", "T05 Count Symbols\T05 Count Symbols.csproj", "{CDAAB163-12A1-49B6-AD1F-24FB23E66243}"
EndProject
Project("{9A19103F-16F7-4668-BE54-9A1E7A4F7556}") = "T06 Wardrobe", "T06 Wardrobe\T06 Wardrobe.csproj", "{7302372A-BB9B-4062-8A07-4F3CE489019A}"
EndProject
Project("{FAE04EC0-301F-11D3-BF4B-00C04F79EFBC}") = "T07 The V Logger", "T07 The V Logger\T07 The V Logger.csproj", "{3264EAD5-DD86-4F11-89B5-FBFDF760EE1E}"
EndProject
Global
	GlobalSection(SolutionConfigurationPlatforms) = preSolution
		Debug|Any CPU = Debug|Any CPU
		Release|Any CPU = Release|Any CPU
	EndGlobalSection
	GlobalSection(ProjectConfigurationPlatforms) = postSolution
		{6B337050-7680-484B-A365-CAA431040EB9}.Debug|Any CPU.ActiveCfg = Debug|Any CPU
		{6B337050-7680-484B-A365-CAA431040EB9}.Debug|Any CPU.Build.0 = Debug|Any CPU
		{6B337050-7680-484B-A365-CAA431040EB9}.Release|Any CPU.ActiveCfg = Release|Any CPU
		{6B337050-7680-484B-A365-CAA431040EB9}.Release|Any CPU.Build.0 = Release|Any CPU
		{193DE936-E3B0-47FB-AA93-F5A1839951E1}.Debug|Any CPU.ActiveCfg = Debug|Any CPU
		{193DE936-E3B0-47FB-AA93-F5A1839951E1}.Debug|Any CPU.Build.0 = Debug|Any CPU
		{193DE936-E3B0-47FB-AA93-F5A1839951E1}.Release|Any CPU.ActiveCfg = Release|Any CPU
		{193DE936-E3B0-47FB-AA93-F5A1839951E1}.Release|Any CPU.Build.0 = Release|Any CPU
		{5A6D7046-3C95-4BEA-B40A-797131316DD1}.Debug|Any CPU.ActiveCfg = Debug|Any CPU
		{5A6D7046-3C95-4BEA-B40A-797131316DD1}.Debug|Any CPU.Build.0 = Debug|Any CPU
		{5A6D7046-3C95-4BEA-B40A-797131316DD1}.Release|Any CPU.ActiveCfg = Release|Any CPU
		{5A6D7046-3C95-4BEA-B40A-797131316DD1}.Release|Any CPU.Build.0 = Release|Any CPU
		{D7E1C08D-4BF0-4881-8CB4-0FCCCF4CB6A4}.Debug|Any CPU.ActiveCfg = Debug|Any CPU
		{D7E1C08D-4BF0-4881-8CB4-0FCCCF4CB6A4}.Debug|Any CPU.Build.0 = Debug|Any CPU
		{D7E1C08D-4BF0-4881-8CB4-0FCCCF4CB6A4}.Release|Any CPU.ActiveCfg = Release|Any CPU
		{D7E1C08D-4BF0-4881-8CB4-0FCCCF4CB6A4}.Release|Any CPU.Build.0 = Release|Any CPU
		{CDAAB163-12A1-49B6-AD1F-24FB23E66243}.Debug|Any CPU.ActiveCfg = Debug|Any CPU
		{CDAAB163-12A1-49B6-AD1F-24FB23E66243}.Debug|Any CPU.Build.0 = Debug|Any CPU
		{CDAAB163-12A1-49B6-AD1F-24FB23E66243}.Release|Any CPU.ActiveCfg = Release|Any CPU
		{CDAAB163-12A1-49B6-AD1F-24FB23E66243}.Release|Any CPU.Build.0 = Release|Any CPU
		{7302372A-BB9B-4062-8A07-4F3CE489019A}.Debug|Any CPU.ActiveCfg = Debug|Any CPU
		{7302372A-BB9B-4062-8A07-4F3CE489019A}.Debug|Any CPU.Build.0 = Debug|Any CPU
		{7302372A-BB9B-4062-8A07-4F3CE489019A}.Release|Any CPU.ActiveCfg = Release|Any CPU
		{7302372A-BB9B-4062-8A07-4F3CE489019A}.Release|Any CPU.Build.0 = Release|Any CPU
		{3264EAD5-DD86-4F11-89B5-FBFDF760EE1E}.Debug|Any CPU.ActiveCfg = Debug|Any CPU
		{3264EAD5-DD86-4F11-89B5-FBFDF760EE1E}.Debug|Any CPU.Build.0 = Debug|Any CPU
		{3264EAD5-DD86-4F11-89B5-FBFDF760EE1E}.Release|Any CPU.ActiveCfg = Release|Any CPU
		{3264EAD5-DD86-4F11-89B5-FBFDF760EE1E}.Release|Any CPU.Build.0 = Release|Any CPU
	EndGlobalSection
	GlobalSection(SolutionProperties) = preSolution
		HideSolutionNode = FALSE
	EndGlobalSection
	GlobalSection(ExtensibilityGlobals) = postSolution
		SolutionGuid = {AC43D3D1-9C49-4CB1-ABB5-6D2ED3013E56}
	EndGlobalSection
EndGlobal
