
Microsoft Visual Studio Solution File, Format Version 12.00
# Visual Studio Version 17
VisualStudioVersion = 17.1.32328.378
MinimumVisualStudioVersion = 10.0.40219.1
Project("{9A19103F-16F7-4668-BE54-9A1E7A4F7556}") = "USD to BGN", "USD to BGN\USD to BGN.csproj", "{2EF49452-74AD-4443-9C62-4C75C636109B}"
EndProject
Project("{9A19103F-16F7-4668-BE54-9A1E7A4F7556}") = "Radians to Degrees", "Radians to Degrees\Radians to Degrees.csproj", "{62EA4D22-49B0-410B-AA39-049E7804CFD6}"
EndProject
Project("{9A19103F-16F7-4668-BE54-9A1E7A4F7556}") = "Deposit Calculator", "Deposit Calculator\Deposit Calculator.csproj", "{474F9529-5CE5-40C0-9BE3-7260591E080C}"
EndProject
Project("{9A19103F-16F7-4668-BE54-9A1E7A4F7556}") = "Vacation Books List", "Vacation Books List\Vacation Books List.csproj", "{1D4D348C-6DC4-462F-B7FF-F37F2376A67F}"
EndProject
Project("{9A19103F-16F7-4668-BE54-9A1E7A4F7556}") = "Supplies for School", "Supplies for School\Supplies for School.csproj", "{D4178742-0504-4A81-8ABA-B23448AA81F0}"
EndProject
Project("{9A19103F-16F7-4668-BE54-9A1E7A4F7556}") = "Repainting", "Repainting\Repainting.csproj", "{708C0929-649E-47DE-866B-147427AEDA97}"
EndProject
Project("{FAE04EC0-301F-11D3-BF4B-00C04F79EFBC}") = "Food Delivery", "Food Delivery\Food Delivery.csproj", "{E2793804-0C0D-40C4-9606-7167C0DA8E8A}"
EndProject
Project("{FAE04EC0-301F-11D3-BF4B-00C04F79EFBC}") = "Basketball Equipment", "Basketball Equipment\Basketball Equipment.csproj", "{91F341DB-8E2F-4B1B-B076-B02D3E87ED17}"
EndProject
Project("{FAE04EC0-301F-11D3-BF4B-00C04F79EFBC}") = "Fish Tank", "Fish Tank\Fish Tank.csproj", "{78A94243-CBED-4DBA-9724-F8CDF939557C}"
EndProject
Global
	GlobalSection(SolutionConfigurationPlatforms) = preSolution
		Debug|Any CPU = Debug|Any CPU
		Release|Any CPU = Release|Any CPU
	EndGlobalSection
	GlobalSection(ProjectConfigurationPlatforms) = postSolution
		{2EF49452-74AD-4443-9C62-4C75C636109B}.Debug|Any CPU.ActiveCfg = Debug|Any CPU
		{2EF49452-74AD-4443-9C62-4C75C636109B}.Debug|Any CPU.Build.0 = Debug|Any CPU
		{2EF49452-74AD-4443-9C62-4C75C636109B}.Release|Any CPU.ActiveCfg = Release|Any CPU
		{2EF49452-74AD-4443-9C62-4C75C636109B}.Release|Any CPU.Build.0 = Release|Any CPU
		{62EA4D22-49B0-410B-AA39-049E7804CFD6}.Debug|Any CPU.ActiveCfg = Debug|Any CPU
		{62EA4D22-49B0-410B-AA39-049E7804CFD6}.Debug|Any CPU.Build.0 = Debug|Any CPU
		{62EA4D22-49B0-410B-AA39-049E7804CFD6}.Release|Any CPU.ActiveCfg = Release|Any CPU
		{62EA4D22-49B0-410B-AA39-049E7804CFD6}.Release|Any CPU.Build.0 = Release|Any CPU
		{474F9529-5CE5-40C0-9BE3-7260591E080C}.Debug|Any CPU.ActiveCfg = Debug|Any CPU
		{474F9529-5CE5-40C0-9BE3-7260591E080C}.Debug|Any CPU.Build.0 = Debug|Any CPU
		{474F9529-5CE5-40C0-9BE3-7260591E080C}.Release|Any CPU.ActiveCfg = Release|Any CPU
		{474F9529-5CE5-40C0-9BE3-7260591E080C}.Release|Any CPU.Build.0 = Release|Any CPU
		{1D4D348C-6DC4-462F-B7FF-F37F2376A67F}.Debug|Any CPU.ActiveCfg = Debug|Any CPU
		{1D4D348C-6DC4-462F-B7FF-F37F2376A67F}.Debug|Any CPU.Build.0 = Debug|Any CPU
		{1D4D348C-6DC4-462F-B7FF-F37F2376A67F}.Release|Any CPU.ActiveCfg = Release|Any CPU
		{1D4D348C-6DC4-462F-B7FF-F37F2376A67F}.Release|Any CPU.Build.0 = Release|Any CPU
		{D4178742-0504-4A81-8ABA-B23448AA81F0}.Debug|Any CPU.ActiveCfg = Debug|Any CPU
		{D4178742-0504-4A81-8ABA-B23448AA81F0}.Debug|Any CPU.Build.0 = Debug|Any CPU
		{D4178742-0504-4A81-8ABA-B23448AA81F0}.Release|Any CPU.ActiveCfg = Release|Any CPU
		{D4178742-0504-4A81-8ABA-B23448AA81F0}.Release|Any CPU.Build.0 = Release|Any CPU
		{708C0929-649E-47DE-866B-147427AEDA97}.Debug|Any CPU.ActiveCfg = Debug|Any CPU
		{708C0929-649E-47DE-866B-147427AEDA97}.Debug|Any CPU.Build.0 = Debug|Any CPU
		{708C0929-649E-47DE-866B-147427AEDA97}.Release|Any CPU.ActiveCfg = Release|Any CPU
		{708C0929-649E-47DE-866B-147427AEDA97}.Release|Any CPU.Build.0 = Release|Any CPU
		{E2793804-0C0D-40C4-9606-7167C0DA8E8A}.Debug|Any CPU.ActiveCfg = Debug|Any CPU
		{E2793804-0C0D-40C4-9606-7167C0DA8E8A}.Debug|Any CPU.Build.0 = Debug|Any CPU
		{E2793804-0C0D-40C4-9606-7167C0DA8E8A}.Release|Any CPU.ActiveCfg = Release|Any CPU
		{E2793804-0C0D-40C4-9606-7167C0DA8E8A}.Release|Any CPU.Build.0 = Release|Any CPU
		{91F341DB-8E2F-4B1B-B076-B02D3E87ED17}.Debug|Any CPU.ActiveCfg = Debug|Any CPU
		{91F341DB-8E2F-4B1B-B076-B02D3E87ED17}.Debug|Any CPU.Build.0 = Debug|Any CPU
		{91F341DB-8E2F-4B1B-B076-B02D3E87ED17}.Release|Any CPU.ActiveCfg = Release|Any CPU
		{91F341DB-8E2F-4B1B-B076-B02D3E87ED17}.Release|Any CPU.Build.0 = Release|Any CPU
		{78A94243-CBED-4DBA-9724-F8CDF939557C}.Debug|Any CPU.ActiveCfg = Debug|Any CPU
		{78A94243-CBED-4DBA-9724-F8CDF939557C}.Debug|Any CPU.Build.0 = Debug|Any CPU
		{78A94243-CBED-4DBA-9724-F8CDF939557C}.Release|Any CPU.ActiveCfg = Release|Any CPU
		{78A94243-CBED-4DBA-9724-F8CDF939557C}.Release|Any CPU.Build.0 = Release|Any CPU
	EndGlobalSection
	GlobalSection(SolutionProperties) = preSolution
		HideSolutionNode = FALSE
	EndGlobalSection
	GlobalSection(ExtensibilityGlobals) = postSolution
		SolutionGuid = {A336682C-AC5B-49DF-B21E-6A69EE25FCAA}
	EndGlobalSection
EndGlobal
