
Microsoft Visual Studio Solution File, Format Version 12.00
# Visual Studio Version 17
VisualStudioVersion = 17.2.32505.173
MinimumVisualStudioVersion = 10.0.40219.1
Project("{9A19103F-16F7-4668-BE54-9A1E7A4F7556}") = "T03ShoppingSpree", "EncapsulationExercise\T03ShoppingSpree.csproj", "{4E4DDA25-6FD3-4550-B05E-D2A30CC160D4}"
EndProject
Project("{FAE04EC0-301F-11D3-BF4B-00C04F79EFBC}") = "T04PizzaCalories", "T04PizzaCalories\T04PizzaCalories.csproj", "{AF3E81DA-0573-4AC6-8BDA-B0C8607838FE}"
EndProject
Project("{FAE04EC0-301F-11D3-BF4B-00C04F79EFBC}") = "T05FootballTeamGenerator", "T05FootballTeamGenerator\T05FootballTeamGenerator.csproj", "{0DF12C70-6615-48D7-A874-BDBAD32C7C2D}"
EndProject
Global
	GlobalSection(SolutionConfigurationPlatforms) = preSolution
		Debug|Any CPU = Debug|Any CPU
		Release|Any CPU = Release|Any CPU
	EndGlobalSection
	GlobalSection(ProjectConfigurationPlatforms) = postSolution
		{4E4DDA25-6FD3-4550-B05E-D2A30CC160D4}.Debug|Any CPU.ActiveCfg = Debug|Any CPU
		{4E4DDA25-6FD3-4550-B05E-D2A30CC160D4}.Debug|Any CPU.Build.0 = Debug|Any CPU
		{4E4DDA25-6FD3-4550-B05E-D2A30CC160D4}.Release|Any CPU.ActiveCfg = Release|Any CPU
		{4E4DDA25-6FD3-4550-B05E-D2A30CC160D4}.Release|Any CPU.Build.0 = Release|Any CPU
		{AF3E81DA-0573-4AC6-8BDA-B0C8607838FE}.Debug|Any CPU.ActiveCfg = Debug|Any CPU
		{AF3E81DA-0573-4AC6-8BDA-B0C8607838FE}.Debug|Any CPU.Build.0 = Debug|Any CPU
		{AF3E81DA-0573-4AC6-8BDA-B0C8607838FE}.Release|Any CPU.ActiveCfg = Release|Any CPU
		{AF3E81DA-0573-4AC6-8BDA-B0C8607838FE}.Release|Any CPU.Build.0 = Release|Any CPU
		{0DF12C70-6615-48D7-A874-BDBAD32C7C2D}.Debug|Any CPU.ActiveCfg = Debug|Any CPU
		{0DF12C70-6615-48D7-A874-BDBAD32C7C2D}.Debug|Any CPU.Build.0 = Debug|Any CPU
		{0DF12C70-6615-48D7-A874-BDBAD32C7C2D}.Release|Any CPU.ActiveCfg = Release|Any CPU
		{0DF12C70-6615-48D7-A874-BDBAD32C7C2D}.Release|Any CPU.Build.0 = Release|Any CPU
	EndGlobalSection
	GlobalSection(SolutionProperties) = preSolution
		HideSolutionNode = FALSE
	EndGlobalSection
	GlobalSection(ExtensibilityGlobals) = postSolution
		SolutionGuid = {BEDA7985-48FB-4596-8E81-126EC81EA827}
	EndGlobalSection
EndGlobal
