
Microsoft Visual Studio Solution File, Format Version 12.00
# Visual Studio Version 17
VisualStudioVersion = 17.2.32505.173
MinimumVisualStudioVersion = 10.0.40219.1
Project("{9A19103F-16F7-4668-BE54-9A1E7A4F7556}") = "T01 Action Point", "Т01 Action Point\T01 Action Point.csproj", "{3837E00A-E5E6-4C6B-8AA8-F54FEAA98D69}"
EndProject
Project("{9A19103F-16F7-4668-BE54-9A1E7A4F7556}") = "T02 Knights of Honor", "T02 Knights of Honor\T02 Knights of Honor.csproj", "{4EE7F97E-1B74-44C2-9BAF-4467DD28B826}"
EndProject
Project("{9A19103F-16F7-4668-BE54-9A1E7A4F7556}") = "T03 Custom MIn Function", "T03 Custom MIn Function\T03 Custom MIn Function.csproj", "{16492932-0189-45AA-BC8D-CBD86D6B7F3B}"
EndProject
Project("{9A19103F-16F7-4668-BE54-9A1E7A4F7556}") = "T04 Find Evens Or Odds", "T04 Find Evens Or Odds\T04 Find Evens Or Odds.csproj", "{1F961147-381A-4355-BE0C-B24DA9FBE846}"
EndProject
Project("{9A19103F-16F7-4668-BE54-9A1E7A4F7556}") = "T05 Applied Arithmetics", "T05 Applied Arithmetics\T05 Applied Arithmetics.csproj", "{25AC5C66-E60F-4C97-9E7C-30516B07471A}"
EndProject
Project("{9A19103F-16F7-4668-BE54-9A1E7A4F7556}") = "T06 Reverse and Exclude", "T06 Reverse and Exclude\T06 Reverse and Exclude.csproj", "{FF248FAD-8338-4580-A848-6505468D2E62}"
EndProject
Project("{9A19103F-16F7-4668-BE54-9A1E7A4F7556}") = "T07 Predicate For Names", "T07 Predicate For Names\T07 Predicate For Names.csproj", "{E5D65FF9-5A88-4B87-8C95-A717677382F7}"
EndProject
Project("{9A19103F-16F7-4668-BE54-9A1E7A4F7556}") = "T08 List of Predicates", "T08 List of Predicates\T08 List of Predicates.csproj", "{5593BBB0-9D29-4049-90FA-1005756FE6FD}"
EndProject
Project("{9A19103F-16F7-4668-BE54-9A1E7A4F7556}") = "T09 Predicate Party", "T09 Predicate Party\T09 Predicate Party.csproj", "{7C52C0F0-4245-4D1A-A2B5-20304BB07ACD}"
EndProject
Project("{9A19103F-16F7-4668-BE54-9A1E7A4F7556}") = "T10 Party Reservation Filter Module", "T10 Party Reservation Filter Module\T10 Party Reservation Filter Module.csproj", "{EC03142A-A0FE-41B2-9980-4C62368DF32B}"
EndProject
Project("{FAE04EC0-301F-11D3-BF4B-00C04F79EFBC}") = "Adash' solve", "Adash' solve\Adash' solve.csproj", "{873E24FE-501B-4DE8-811F-0DCD8571633A}"
EndProject
Project("{FAE04EC0-301F-11D3-BF4B-00C04F79EFBC}") = "T11 TriFunction", "T11 TriFunction\T11 TriFunction.csproj", "{E39DFC28-12BA-4EDE-B016-A25BC21F9937}"
EndProject
Global
	GlobalSection(SolutionConfigurationPlatforms) = preSolution
		Debug|Any CPU = Debug|Any CPU
		Release|Any CPU = Release|Any CPU
	EndGlobalSection
	GlobalSection(ProjectConfigurationPlatforms) = postSolution
		{3837E00A-E5E6-4C6B-8AA8-F54FEAA98D69}.Debug|Any CPU.ActiveCfg = Debug|Any CPU
		{3837E00A-E5E6-4C6B-8AA8-F54FEAA98D69}.Debug|Any CPU.Build.0 = Debug|Any CPU
		{3837E00A-E5E6-4C6B-8AA8-F54FEAA98D69}.Release|Any CPU.ActiveCfg = Release|Any CPU
		{3837E00A-E5E6-4C6B-8AA8-F54FEAA98D69}.Release|Any CPU.Build.0 = Release|Any CPU
		{4EE7F97E-1B74-44C2-9BAF-4467DD28B826}.Debug|Any CPU.ActiveCfg = Debug|Any CPU
		{4EE7F97E-1B74-44C2-9BAF-4467DD28B826}.Debug|Any CPU.Build.0 = Debug|Any CPU
		{4EE7F97E-1B74-44C2-9BAF-4467DD28B826}.Release|Any CPU.ActiveCfg = Release|Any CPU
		{4EE7F97E-1B74-44C2-9BAF-4467DD28B826}.Release|Any CPU.Build.0 = Release|Any CPU
		{16492932-0189-45AA-BC8D-CBD86D6B7F3B}.Debug|Any CPU.ActiveCfg = Debug|Any CPU
		{16492932-0189-45AA-BC8D-CBD86D6B7F3B}.Debug|Any CPU.Build.0 = Debug|Any CPU
		{16492932-0189-45AA-BC8D-CBD86D6B7F3B}.Release|Any CPU.ActiveCfg = Release|Any CPU
		{16492932-0189-45AA-BC8D-CBD86D6B7F3B}.Release|Any CPU.Build.0 = Release|Any CPU
		{1F961147-381A-4355-BE0C-B24DA9FBE846}.Debug|Any CPU.ActiveCfg = Debug|Any CPU
		{1F961147-381A-4355-BE0C-B24DA9FBE846}.Debug|Any CPU.Build.0 = Debug|Any CPU
		{1F961147-381A-4355-BE0C-B24DA9FBE846}.Release|Any CPU.ActiveCfg = Release|Any CPU
		{1F961147-381A-4355-BE0C-B24DA9FBE846}.Release|Any CPU.Build.0 = Release|Any CPU
		{25AC5C66-E60F-4C97-9E7C-30516B07471A}.Debug|Any CPU.ActiveCfg = Debug|Any CPU
		{25AC5C66-E60F-4C97-9E7C-30516B07471A}.Debug|Any CPU.Build.0 = Debug|Any CPU
		{25AC5C66-E60F-4C97-9E7C-30516B07471A}.Release|Any CPU.ActiveCfg = Release|Any CPU
		{25AC5C66-E60F-4C97-9E7C-30516B07471A}.Release|Any CPU.Build.0 = Release|Any CPU
		{FF248FAD-8338-4580-A848-6505468D2E62}.Debug|Any CPU.ActiveCfg = Debug|Any CPU
		{FF248FAD-8338-4580-A848-6505468D2E62}.Debug|Any CPU.Build.0 = Debug|Any CPU
		{FF248FAD-8338-4580-A848-6505468D2E62}.Release|Any CPU.ActiveCfg = Release|Any CPU
		{FF248FAD-8338-4580-A848-6505468D2E62}.Release|Any CPU.Build.0 = Release|Any CPU
		{E5D65FF9-5A88-4B87-8C95-A717677382F7}.Debug|Any CPU.ActiveCfg = Debug|Any CPU
		{E5D65FF9-5A88-4B87-8C95-A717677382F7}.Debug|Any CPU.Build.0 = Debug|Any CPU
		{E5D65FF9-5A88-4B87-8C95-A717677382F7}.Release|Any CPU.ActiveCfg = Release|Any CPU
		{E5D65FF9-5A88-4B87-8C95-A717677382F7}.Release|Any CPU.Build.0 = Release|Any CPU
		{5593BBB0-9D29-4049-90FA-1005756FE6FD}.Debug|Any CPU.ActiveCfg = Debug|Any CPU
		{5593BBB0-9D29-4049-90FA-1005756FE6FD}.Debug|Any CPU.Build.0 = Debug|Any CPU
		{5593BBB0-9D29-4049-90FA-1005756FE6FD}.Release|Any CPU.ActiveCfg = Release|Any CPU
		{5593BBB0-9D29-4049-90FA-1005756FE6FD}.Release|Any CPU.Build.0 = Release|Any CPU
		{7C52C0F0-4245-4D1A-A2B5-20304BB07ACD}.Debug|Any CPU.ActiveCfg = Debug|Any CPU
		{7C52C0F0-4245-4D1A-A2B5-20304BB07ACD}.Debug|Any CPU.Build.0 = Debug|Any CPU
		{7C52C0F0-4245-4D1A-A2B5-20304BB07ACD}.Release|Any CPU.ActiveCfg = Release|Any CPU
		{7C52C0F0-4245-4D1A-A2B5-20304BB07ACD}.Release|Any CPU.Build.0 = Release|Any CPU
		{EC03142A-A0FE-41B2-9980-4C62368DF32B}.Debug|Any CPU.ActiveCfg = Debug|Any CPU
		{EC03142A-A0FE-41B2-9980-4C62368DF32B}.Debug|Any CPU.Build.0 = Debug|Any CPU
		{EC03142A-A0FE-41B2-9980-4C62368DF32B}.Release|Any CPU.ActiveCfg = Release|Any CPU
		{EC03142A-A0FE-41B2-9980-4C62368DF32B}.Release|Any CPU.Build.0 = Release|Any CPU
		{873E24FE-501B-4DE8-811F-0DCD8571633A}.Debug|Any CPU.ActiveCfg = Debug|Any CPU
		{873E24FE-501B-4DE8-811F-0DCD8571633A}.Debug|Any CPU.Build.0 = Debug|Any CPU
		{873E24FE-501B-4DE8-811F-0DCD8571633A}.Release|Any CPU.ActiveCfg = Release|Any CPU
		{873E24FE-501B-4DE8-811F-0DCD8571633A}.Release|Any CPU.Build.0 = Release|Any CPU
		{E39DFC28-12BA-4EDE-B016-A25BC21F9937}.Debug|Any CPU.ActiveCfg = Debug|Any CPU
		{E39DFC28-12BA-4EDE-B016-A25BC21F9937}.Debug|Any CPU.Build.0 = Debug|Any CPU
		{E39DFC28-12BA-4EDE-B016-A25BC21F9937}.Release|Any CPU.ActiveCfg = Release|Any CPU
		{E39DFC28-12BA-4EDE-B016-A25BC21F9937}.Release|Any CPU.Build.0 = Release|Any CPU
	EndGlobalSection
	GlobalSection(SolutionProperties) = preSolution
		HideSolutionNode = FALSE
	EndGlobalSection
	GlobalSection(ExtensibilityGlobals) = postSolution
		SolutionGuid = {EFF03462-5EDE-46A2-AD49-C7298FC64FA6}
	EndGlobalSection
EndGlobal
