
Microsoft Visual Studio Solution File, Format Version 12.00
# Visual Studio Version 17
VisualStudioVersion = 17.2.32505.173
MinimumVisualStudioVersion = 10.0.40219.1
Project("{FAE04EC0-301F-11D3-BF4B-00C04F79EFBC}") = "T01 Moon", "T01 Moon\T01 Moon.csproj", "{97C9EFF2-B6AD-4464-B576-6A56B5909D22}"
EndProject
Project("{FAE04EC0-301F-11D3-BF4B-00C04F79EFBC}") = "T02 Spaceship", "T02 Spaceship\T02 Spaceship.csproj", "{04619F04-F5D2-443B-A0A3-04E89F74101F}"
EndProject
Project("{FAE04EC0-301F-11D3-BF4B-00C04F79EFBC}") = "T03 Football Souvenirs", "T03 Football Souvenirs\T03 Football Souvenirs.csproj", "{AB62B848-69C4-47B4-8B13-FE5F1B3814A4}"
EndProject
Project("{FAE04EC0-301F-11D3-BF4B-00C04F79EFBC}") = "T04 Cat Food", "T04 Cat Food\T04 Cat Food.csproj", "{2F2D5FE5-F8C6-416B-91EB-973CFDB5F726}"
EndProject
Project("{FAE04EC0-301F-11D3-BF4B-00C04F79EFBC}") = "T05 Puppy Care", "T05 Puppy Care\T05 Puppy Care.csproj", "{9F0709E6-25A0-42E8-9AB6-D2F905ADEC4C}"
EndProject
Project("{FAE04EC0-301F-11D3-BF4B-00C04F79EFBC}") = "T06 Gold Mine", "T06 Gold Mine\T06 Gold Mine.csproj", "{81279FEA-9FE0-487F-8265-4F8CF23A0A2D}"
EndProject
Global
	GlobalSection(SolutionConfigurationPlatforms) = preSolution
		Debug|Any CPU = Debug|Any CPU
		Release|Any CPU = Release|Any CPU
	EndGlobalSection
	GlobalSection(ProjectConfigurationPlatforms) = postSolution
		{97C9EFF2-B6AD-4464-B576-6A56B5909D22}.Debug|Any CPU.ActiveCfg = Debug|Any CPU
		{97C9EFF2-B6AD-4464-B576-6A56B5909D22}.Debug|Any CPU.Build.0 = Debug|Any CPU
		{97C9EFF2-B6AD-4464-B576-6A56B5909D22}.Release|Any CPU.ActiveCfg = Release|Any CPU
		{97C9EFF2-B6AD-4464-B576-6A56B5909D22}.Release|Any CPU.Build.0 = Release|Any CPU
		{04619F04-F5D2-443B-A0A3-04E89F74101F}.Debug|Any CPU.ActiveCfg = Debug|Any CPU
		{04619F04-F5D2-443B-A0A3-04E89F74101F}.Debug|Any CPU.Build.0 = Debug|Any CPU
		{04619F04-F5D2-443B-A0A3-04E89F74101F}.Release|Any CPU.ActiveCfg = Release|Any CPU
		{04619F04-F5D2-443B-A0A3-04E89F74101F}.Release|Any CPU.Build.0 = Release|Any CPU
		{AB62B848-69C4-47B4-8B13-FE5F1B3814A4}.Debug|Any CPU.ActiveCfg = Debug|Any CPU
		{AB62B848-69C4-47B4-8B13-FE5F1B3814A4}.Debug|Any CPU.Build.0 = Debug|Any CPU
		{AB62B848-69C4-47B4-8B13-FE5F1B3814A4}.Release|Any CPU.ActiveCfg = Release|Any CPU
		{AB62B848-69C4-47B4-8B13-FE5F1B3814A4}.Release|Any CPU.Build.0 = Release|Any CPU
		{2F2D5FE5-F8C6-416B-91EB-973CFDB5F726}.Debug|Any CPU.ActiveCfg = Debug|Any CPU
		{2F2D5FE5-F8C6-416B-91EB-973CFDB5F726}.Debug|Any CPU.Build.0 = Debug|Any CPU
		{2F2D5FE5-F8C6-416B-91EB-973CFDB5F726}.Release|Any CPU.ActiveCfg = Release|Any CPU
		{2F2D5FE5-F8C6-416B-91EB-973CFDB5F726}.Release|Any CPU.Build.0 = Release|Any CPU
		{9F0709E6-25A0-42E8-9AB6-D2F905ADEC4C}.Debug|Any CPU.ActiveCfg = Debug|Any CPU
		{9F0709E6-25A0-42E8-9AB6-D2F905ADEC4C}.Debug|Any CPU.Build.0 = Debug|Any CPU
		{9F0709E6-25A0-42E8-9AB6-D2F905ADEC4C}.Release|Any CPU.ActiveCfg = Release|Any CPU
		{9F0709E6-25A0-42E8-9AB6-D2F905ADEC4C}.Release|Any CPU.Build.0 = Release|Any CPU
		{81279FEA-9FE0-487F-8265-4F8CF23A0A2D}.Debug|Any CPU.ActiveCfg = Debug|Any CPU
		{81279FEA-9FE0-487F-8265-4F8CF23A0A2D}.Debug|Any CPU.Build.0 = Debug|Any CPU
		{81279FEA-9FE0-487F-8265-4F8CF23A0A2D}.Release|Any CPU.ActiveCfg = Release|Any CPU
		{81279FEA-9FE0-487F-8265-4F8CF23A0A2D}.Release|Any CPU.Build.0 = Release|Any CPU
	EndGlobalSection
	GlobalSection(SolutionProperties) = preSolution
		HideSolutionNode = FALSE
	EndGlobalSection
	GlobalSection(ExtensibilityGlobals) = postSolution
		SolutionGuid = {2C9BD1A9-066C-488F-9D6D-8945403536F5}
	EndGlobalSection
EndGlobal
