
Microsoft Visual Studio Solution File, Format Version 12.00
# Visual Studio Version 17
VisualStudioVersion = 17.2.32505.173
MinimumVisualStudioVersion = 10.0.40219.1
Project("{9A19103F-16F7-4668-BE54-9A1E7A4F7556}") = "T01 Number Pyramid", "T01 Number Pyramid\T01 Number Pyramid.csproj", "{2A458118-A38E-4888-B415-DEEE89D7E1D3}"
EndProject
Project("{9A19103F-16F7-4668-BE54-9A1E7A4F7556}") = "T02 Equal Sums Even Odd Position", "T02 Equal Sums Even Odd Position\T02 Equal Sums Even Odd Position.csproj", "{E7B340FB-C7B3-41A9-AA31-FAE49B36A0AF}"
EndProject
Project("{9A19103F-16F7-4668-BE54-9A1E7A4F7556}") = "T03 Sum Prime Non Prime", "T03 Sum Prime Non Prime\T03 Sum Prime Non Prime.csproj", "{BDB8F165-077E-43E7-ACF6-282E352326CD}"
EndProject
Project("{9A19103F-16F7-4668-BE54-9A1E7A4F7556}") = "T04 Train The Trainers", "T04 Train The Trainers\T04 Train The Trainers.csproj", "{FD03261C-5A3E-4DE4-8590-3A5053DA2D90}"
EndProject
Project("{9A19103F-16F7-4668-BE54-9A1E7A4F7556}") = "T05 Special Numbers", "Special Numbers\T05 Special Numbers.csproj", "{A41C88BE-2767-4852-8D79-3A40D31956AB}"
EndProject
Project("{9A19103F-16F7-4668-BE54-9A1E7A4F7556}") = "T06 Cinema Tickets", "T06 Cinema Tickets\T06 Cinema Tickets.csproj", "{C0C97C1E-8BAF-4843-BBE0-D28967C68B40}"
EndProject
Project("{FAE04EC0-301F-11D3-BF4B-00C04F79EFBC}") = "T07 To String Practise", "T07 To String Practise\T07 To String Practise.csproj", "{BD821A8C-122A-4C56-9495-EF00F8B7B3BF}"
EndProject
Global
	GlobalSection(SolutionConfigurationPlatforms) = preSolution
		Debug|Any CPU = Debug|Any CPU
		Release|Any CPU = Release|Any CPU
	EndGlobalSection
	GlobalSection(ProjectConfigurationPlatforms) = postSolution
		{2A458118-A38E-4888-B415-DEEE89D7E1D3}.Debug|Any CPU.ActiveCfg = Debug|Any CPU
		{2A458118-A38E-4888-B415-DEEE89D7E1D3}.Debug|Any CPU.Build.0 = Debug|Any CPU
		{2A458118-A38E-4888-B415-DEEE89D7E1D3}.Release|Any CPU.ActiveCfg = Release|Any CPU
		{2A458118-A38E-4888-B415-DEEE89D7E1D3}.Release|Any CPU.Build.0 = Release|Any CPU
		{E7B340FB-C7B3-41A9-AA31-FAE49B36A0AF}.Debug|Any CPU.ActiveCfg = Debug|Any CPU
		{E7B340FB-C7B3-41A9-AA31-FAE49B36A0AF}.Debug|Any CPU.Build.0 = Debug|Any CPU
		{E7B340FB-C7B3-41A9-AA31-FAE49B36A0AF}.Release|Any CPU.ActiveCfg = Release|Any CPU
		{E7B340FB-C7B3-41A9-AA31-FAE49B36A0AF}.Release|Any CPU.Build.0 = Release|Any CPU
		{BDB8F165-077E-43E7-ACF6-282E352326CD}.Debug|Any CPU.ActiveCfg = Debug|Any CPU
		{BDB8F165-077E-43E7-ACF6-282E352326CD}.Debug|Any CPU.Build.0 = Debug|Any CPU
		{BDB8F165-077E-43E7-ACF6-282E352326CD}.Release|Any CPU.ActiveCfg = Release|Any CPU
		{BDB8F165-077E-43E7-ACF6-282E352326CD}.Release|Any CPU.Build.0 = Release|Any CPU
		{FD03261C-5A3E-4DE4-8590-3A5053DA2D90}.Debug|Any CPU.ActiveCfg = Debug|Any CPU
		{FD03261C-5A3E-4DE4-8590-3A5053DA2D90}.Debug|Any CPU.Build.0 = Debug|Any CPU
		{FD03261C-5A3E-4DE4-8590-3A5053DA2D90}.Release|Any CPU.ActiveCfg = Release|Any CPU
		{FD03261C-5A3E-4DE4-8590-3A5053DA2D90}.Release|Any CPU.Build.0 = Release|Any CPU
		{A41C88BE-2767-4852-8D79-3A40D31956AB}.Debug|Any CPU.ActiveCfg = Debug|Any CPU
		{A41C88BE-2767-4852-8D79-3A40D31956AB}.Debug|Any CPU.Build.0 = Debug|Any CPU
		{A41C88BE-2767-4852-8D79-3A40D31956AB}.Release|Any CPU.ActiveCfg = Release|Any CPU
		{A41C88BE-2767-4852-8D79-3A40D31956AB}.Release|Any CPU.Build.0 = Release|Any CPU
		{C0C97C1E-8BAF-4843-BBE0-D28967C68B40}.Debug|Any CPU.ActiveCfg = Debug|Any CPU
		{C0C97C1E-8BAF-4843-BBE0-D28967C68B40}.Debug|Any CPU.Build.0 = Debug|Any CPU
		{C0C97C1E-8BAF-4843-BBE0-D28967C68B40}.Release|Any CPU.ActiveCfg = Release|Any CPU
		{C0C97C1E-8BAF-4843-BBE0-D28967C68B40}.Release|Any CPU.Build.0 = Release|Any CPU
		{BD821A8C-122A-4C56-9495-EF00F8B7B3BF}.Debug|Any CPU.ActiveCfg = Debug|Any CPU
		{BD821A8C-122A-4C56-9495-EF00F8B7B3BF}.Debug|Any CPU.Build.0 = Debug|Any CPU
		{BD821A8C-122A-4C56-9495-EF00F8B7B3BF}.Release|Any CPU.ActiveCfg = Release|Any CPU
		{BD821A8C-122A-4C56-9495-EF00F8B7B3BF}.Release|Any CPU.Build.0 = Release|Any CPU
	EndGlobalSection
	GlobalSection(SolutionProperties) = preSolution
		HideSolutionNode = FALSE
	EndGlobalSection
	GlobalSection(ExtensibilityGlobals) = postSolution
		SolutionGuid = {589EFC63-FB52-4F44-A6DC-9DFE8CED0492}
	EndGlobalSection
EndGlobal
