
Microsoft Visual Studio Solution File, Format Version 12.00
# Visual Studio Version 17
VisualStudioVersion = 17.5.33424.131
MinimumVisualStudioVersion = 10.0.40219.1
Project("{9A19103F-16F7-4668-BE54-9A1E7A4F7556}") = "Cars", "T01Shapes\Cars.csproj", "{B6408527-0DEB-4921-844F-5C0C45EC5C60}"
EndProject
Project("{FAE04EC0-301F-11D3-BF4B-00C04F79EFBC}") = "Shapes", "Shapes\Shapes.csproj", "{6FBB8AB2-4228-4CC1-BF70-83A71AF69FEF}"
EndProject
Global
	GlobalSection(SolutionConfigurationPlatforms) = preSolution
		Debug|Any CPU = Debug|Any CPU
		Release|Any CPU = Release|Any CPU
	EndGlobalSection
	GlobalSection(ProjectConfigurationPlatforms) = postSolution
		{B6408527-0DEB-4921-844F-5C0C45EC5C60}.Debug|Any CPU.ActiveCfg = Debug|Any CPU
		{B6408527-0DEB-4921-844F-5C0C45EC5C60}.Debug|Any CPU.Build.0 = Debug|Any CPU
		{B6408527-0DEB-4921-844F-5C0C45EC5C60}.Release|Any CPU.ActiveCfg = Release|Any CPU
		{B6408527-0DEB-4921-844F-5C0C45EC5C60}.Release|Any CPU.Build.0 = Release|Any CPU
		{6FBB8AB2-4228-4CC1-BF70-83A71AF69FEF}.Debug|Any CPU.ActiveCfg = Debug|Any CPU
		{6FBB8AB2-4228-4CC1-BF70-83A71AF69FEF}.Debug|Any CPU.Build.0 = Debug|Any CPU
		{6FBB8AB2-4228-4CC1-BF70-83A71AF69FEF}.Release|Any CPU.ActiveCfg = Release|Any CPU
		{6FBB8AB2-4228-4CC1-BF70-83A71AF69FEF}.Release|Any CPU.Build.0 = Release|Any CPU
	EndGlobalSection
	GlobalSection(SolutionProperties) = preSolution
		HideSolutionNode = FALSE
	EndGlobalSection
	GlobalSection(ExtensibilityGlobals) = postSolution
		SolutionGuid = {0929928D-43C2-4C8D-A434-81A76CA5A738}
	EndGlobalSection
EndGlobal
