
Microsoft Visual Studio Solution File, Format Version 12.00
# Visual Studio Version 17
VisualStudioVersion = 17.5.33424.131
MinimumVisualStudioVersion = 10.0.40219.1
Project("{9A19103F-16F7-4668-BE54-9A1E7A4F7556}") = "UniversityCompetition", "UniversityCompetition.csproj", "{6FBC897D-78BD-4F09-905C-1EAADF20C598}"
EndProject
Global
	GlobalSection(SolutionConfigurationPlatforms) = preSolution
		Debug|Any CPU = Debug|Any CPU
		Release|Any CPU = Release|Any CPU
	EndGlobalSection
	GlobalSection(ProjectConfigurationPlatforms) = postSolution
		{6FBC897D-78BD-4F09-905C-1EAADF20C598}.Debug|Any CPU.ActiveCfg = Debug|Any CPU
		{6FBC897D-78BD-4F09-905C-1EAADF20C598}.Debug|Any CPU.Build.0 = Debug|Any CPU
		{6FBC897D-78BD-4F09-905C-1EAADF20C598}.Release|Any CPU.ActiveCfg = Release|Any CPU
		{6FBC897D-78BD-4F09-905C-1EAADF20C598}.Release|Any CPU.Build.0 = Release|Any CPU
	EndGlobalSection
	GlobalSection(SolutionProperties) = preSolution
		HideSolutionNode = FALSE
	EndGlobalSection
	GlobalSection(ExtensibilityGlobals) = postSolution
		SolutionGuid = {0EB1D85A-2CD8-4705-A0D2-940257618D1D}
	EndGlobalSection
EndGlobal
