
Microsoft Visual Studio Solution File, Format Version 12.00
# Visual Studio Version 17
VisualStudioVersion = 17.2.32505.173
MinimumVisualStudioVersion = 10.0.40219.1
Project("{FAE04EC0-301F-11D3-BF4B-00C04F79EFBC}") = "T01 Clock", "Т01 Clock\T01 Clock.csproj", "{C7F07949-C044-42E6-935F-016C25953758}"
EndProject
Project("{FAE04EC0-301F-11D3-BF4B-00C04F79EFBC}") = "T02 Multiplication Table", "T02 Multiplication Table\T02 Multiplication Table.csproj", "{D6E21A55-2424-460C-9F17-BC1BD945553C}"
EndProject
Project("{FAE04EC0-301F-11D3-BF4B-00C04F79EFBC}") = "T03 Combinations", "T03 Combinations\T03 Combinations.csproj", "{8EC6A057-3D68-4624-AB65-4630DD1C31D2}"
EndProject
Project("{FAE04EC0-301F-11D3-BF4B-00C04F79EFBC}") = "T04 Sum of Two Numbers", "T04 Sum of Two Numbers\T04 Sum of Two Numbers.csproj", "{427E237E-5D25-4059-BBEA-982B9CC42CFE}"
EndProject
Project("{FAE04EC0-301F-11D3-BF4B-00C04F79EFBC}") = "T05 Travelling", "T05 Travelling\T05 Travelling.csproj", "{F41635FA-F3AF-4204-8DAF-A5236F81362C}"
EndProject
Project("{FAE04EC0-301F-11D3-BF4B-00C04F79EFBC}") = "T06 Building", "T06 Building\T06 Building.csproj", "{B58EE8C1-3C62-4520-8F82-B2FE9F3324FA}"
EndProject
Global
	GlobalSection(SolutionConfigurationPlatforms) = preSolution
		Debug|Any CPU = Debug|Any CPU
		Release|Any CPU = Release|Any CPU
	EndGlobalSection
	GlobalSection(ProjectConfigurationPlatforms) = postSolution
		{C7F07949-C044-42E6-935F-016C25953758}.Debug|Any CPU.ActiveCfg = Debug|Any CPU
		{C7F07949-C044-42E6-935F-016C25953758}.Debug|Any CPU.Build.0 = Debug|Any CPU
		{C7F07949-C044-42E6-935F-016C25953758}.Release|Any CPU.ActiveCfg = Release|Any CPU
		{C7F07949-C044-42E6-935F-016C25953758}.Release|Any CPU.Build.0 = Release|Any CPU
		{D6E21A55-2424-460C-9F17-BC1BD945553C}.Debug|Any CPU.ActiveCfg = Debug|Any CPU
		{D6E21A55-2424-460C-9F17-BC1BD945553C}.Debug|Any CPU.Build.0 = Debug|Any CPU
		{D6E21A55-2424-460C-9F17-BC1BD945553C}.Release|Any CPU.ActiveCfg = Release|Any CPU
		{D6E21A55-2424-460C-9F17-BC1BD945553C}.Release|Any CPU.Build.0 = Release|Any CPU
		{8EC6A057-3D68-4624-AB65-4630DD1C31D2}.Debug|Any CPU.ActiveCfg = Debug|Any CPU
		{8EC6A057-3D68-4624-AB65-4630DD1C31D2}.Debug|Any CPU.Build.0 = Debug|Any CPU
		{8EC6A057-3D68-4624-AB65-4630DD1C31D2}.Release|Any CPU.ActiveCfg = Release|Any CPU
		{8EC6A057-3D68-4624-AB65-4630DD1C31D2}.Release|Any CPU.Build.0 = Release|Any CPU
		{427E237E-5D25-4059-BBEA-982B9CC42CFE}.Debug|Any CPU.ActiveCfg = Debug|Any CPU
		{427E237E-5D25-4059-BBEA-982B9CC42CFE}.Debug|Any CPU.Build.0 = Debug|Any CPU
		{427E237E-5D25-4059-BBEA-982B9CC42CFE}.Release|Any CPU.ActiveCfg = Release|Any CPU
		{427E237E-5D25-4059-BBEA-982B9CC42CFE}.Release|Any CPU.Build.0 = Release|Any CPU
		{F41635FA-F3AF-4204-8DAF-A5236F81362C}.Debug|Any CPU.ActiveCfg = Debug|Any CPU
		{F41635FA-F3AF-4204-8DAF-A5236F81362C}.Debug|Any CPU.Build.0 = Debug|Any CPU
		{F41635FA-F3AF-4204-8DAF-A5236F81362C}.Release|Any CPU.ActiveCfg = Release|Any CPU
		{F41635FA-F3AF-4204-8DAF-A5236F81362C}.Release|Any CPU.Build.0 = Release|Any CPU
		{B58EE8C1-3C62-4520-8F82-B2FE9F3324FA}.Debug|Any CPU.ActiveCfg = Debug|Any CPU
		{B58EE8C1-3C62-4520-8F82-B2FE9F3324FA}.Debug|Any CPU.Build.0 = Debug|Any CPU
		{B58EE8C1-3C62-4520-8F82-B2FE9F3324FA}.Release|Any CPU.ActiveCfg = Release|Any CPU
		{B58EE8C1-3C62-4520-8F82-B2FE9F3324FA}.Release|Any CPU.Build.0 = Release|Any CPU
	EndGlobalSection
	GlobalSection(SolutionProperties) = preSolution
		HideSolutionNode = FALSE
	EndGlobalSection
	GlobalSection(ExtensibilityGlobals) = postSolution
		SolutionGuid = {D917D6A9-E63B-4DC5-BBCC-AE6F3107D13A}
	EndGlobalSection
EndGlobal
