
Microsoft Visual Studio Solution File, Format Version 12.00
# Visual Studio Version 17
VisualStudioVersion = 17.2.32505.173
MinimumVisualStudioVersion = 10.0.40219.1
Project("{9A19103F-16F7-4668-BE54-9A1E7A4F7556}") = "T01TilesMaster", "T01TilesMaster\T01TilesMaster.csproj", "{6652FBB3-EF04-45E2-998F-D31E35DB20C1}"
EndProject
Project("{9A19103F-16F7-4668-BE54-9A1E7A4F7556}") = "T02 Wall Destroyer", "T02 Wall Destroyer\T02 Wall Destroyer.csproj", "{48B82B58-706D-4709-A3B7-4FFD991945CF}"
EndProject
Project("{9A19103F-16F7-4668-BE54-9A1E7A4F7556}") = "T03Renovators", "T03Renovators\T03Renovators.csproj", "{CDC446B0-27B9-4893-B516-A5FA6F7464AA}"
EndProject
Project("{9A19103F-16F7-4668-BE54-9A1E7A4F7556}") = "T1.1FoodFinder", "T1.1FoodFinder\T1.1FoodFinder.csproj", "{84817C0D-11D9-4FC1-968E-7BA7A9E0D9FE}"
EndProject
Project("{9A19103F-16F7-4668-BE54-9A1E7A4F7556}") = "T1.2PawnWars", "T1.2PawnWars\T1.2PawnWars.csproj", "{29AFD94B-1209-4DEB-87CA-ABDDFDA16E10}"
EndProject
Project("{9A19103F-16F7-4668-BE54-9A1E7A4F7556}") = "T1.3", "T1.3\T1.3.csproj", "{2EEC1784-6A26-4C92-84B3-1143C589061F}"
EndProject
Project("{9A19103F-16F7-4668-BE54-9A1E7A4F7556}") = "T2.1EnergyDrinks", "T2.1EnergyDrinks\T2.1EnergyDrinks.csproj", "{E2DB6BCF-FD3A-4B59-924B-AFCA8A847CB4}"
EndProject
Project("{9A19103F-16F7-4668-BE54-9A1E7A4F7556}") = "T2.2RallyRacing", "T2.2RallyRacing\T2.2RallyRacing.csproj", "{268B08D3-CE63-4F95-8BB7-E6D431065076}"
EndProject
Project("{9A19103F-16F7-4668-BE54-9A1E7A4F7556}") = "T2.3ComputerArchitecture", "T2.3\T2.3ComputerArchitecture.csproj", "{BF198A94-58C6-4691-B12A-446E2E6F9250}"
EndProject
Project("{9A19103F-16F7-4668-BE54-9A1E7A4F7556}") = "T3.1ClimbthePeaks", "T3.1ClimbthePeaks\T3.1ClimbthePeaks.csproj", "{BADCD1C9-5D9A-4DBF-8606-773B8E56BBB7}"
EndProject
Project("{9A19103F-16F7-4668-BE54-9A1E7A4F7556}") = "T3.2NavalBattle", "T3.2NavalBattle\T3.2NavalBattle.csproj", "{418F4BCC-8C1B-4378-AEEE-27CC59BBB613}"
EndProject
Project("{9A19103F-16F7-4668-BE54-9A1E7A4F7556}") = "T3.3ShoeStore", "T3.3ShoeStore\T3.3ShoeStore.csproj", "{D6BA2AA0-740D-45FE-88F1-CB1C29D29037}"
EndProject
Project("{9A19103F-16F7-4668-BE54-9A1E7A4F7556}") = "T4.1BaristaContest", "T4.1BaristaContest\T4.1BaristaContest.csproj", "{75DE873B-042F-4391-B38F-0DC66F1B5CEF}"
EndProject
Project("{FAE04EC0-301F-11D3-BF4B-00C04F79EFBC}") = "T4.2Help-A-Mole", "T4.2Help-A-Mole\T4.2Help-A-Mole.csproj", "{B8E95AC8-5491-48E0-BF0F-F4CFFD84F7FE}"
EndProject
Project("{FAE04EC0-301F-11D3-BF4B-00C04F79EFBC}") = "T4.3Basketball", "T4.3Basketball\T4.3Basketball.csproj", "{0853220E-63F6-4C6A-B28B-C7E41FE85743}"
EndProject
Project("{FAE04EC0-301F-11D3-BF4B-00C04F79EFBC}") = "T5.1MealPlan", "T5.1MealPlan\T5.1MealPlan.csproj", "{FEC91F12-3B87-46EB-8EF6-D0A5A6192B96}"
EndProject
Project("{FAE04EC0-301F-11D3-BF4B-00C04F79EFBC}") = "T5.2Truffles", "T5.2Truffles\T5.2Truffles.csproj", "{6CC74C0D-69E8-4E31-9FF4-1BFDDA246228}"
EndProject
Global
	GlobalSection(SolutionConfigurationPlatforms) = preSolution
		Debug|Any CPU = Debug|Any CPU
		Release|Any CPU = Release|Any CPU
	EndGlobalSection
	GlobalSection(ProjectConfigurationPlatforms) = postSolution
		{6652FBB3-EF04-45E2-998F-D31E35DB20C1}.Debug|Any CPU.ActiveCfg = Debug|Any CPU
		{6652FBB3-EF04-45E2-998F-D31E35DB20C1}.Debug|Any CPU.Build.0 = Debug|Any CPU
		{6652FBB3-EF04-45E2-998F-D31E35DB20C1}.Release|Any CPU.ActiveCfg = Release|Any CPU
		{6652FBB3-EF04-45E2-998F-D31E35DB20C1}.Release|Any CPU.Build.0 = Release|Any CPU
		{48B82B58-706D-4709-A3B7-4FFD991945CF}.Debug|Any CPU.ActiveCfg = Debug|Any CPU
		{48B82B58-706D-4709-A3B7-4FFD991945CF}.Debug|Any CPU.Build.0 = Debug|Any CPU
		{48B82B58-706D-4709-A3B7-4FFD991945CF}.Release|Any CPU.ActiveCfg = Release|Any CPU
		{48B82B58-706D-4709-A3B7-4FFD991945CF}.Release|Any CPU.Build.0 = Release|Any CPU
		{CDC446B0-27B9-4893-B516-A5FA6F7464AA}.Debug|Any CPU.ActiveCfg = Debug|Any CPU
		{CDC446B0-27B9-4893-B516-A5FA6F7464AA}.Debug|Any CPU.Build.0 = Debug|Any CPU
		{CDC446B0-27B9-4893-B516-A5FA6F7464AA}.Release|Any CPU.ActiveCfg = Release|Any CPU
		{CDC446B0-27B9-4893-B516-A5FA6F7464AA}.Release|Any CPU.Build.0 = Release|Any CPU
		{84817C0D-11D9-4FC1-968E-7BA7A9E0D9FE}.Debug|Any CPU.ActiveCfg = Debug|Any CPU
		{84817C0D-11D9-4FC1-968E-7BA7A9E0D9FE}.Debug|Any CPU.Build.0 = Debug|Any CPU
		{84817C0D-11D9-4FC1-968E-7BA7A9E0D9FE}.Release|Any CPU.ActiveCfg = Release|Any CPU
		{84817C0D-11D9-4FC1-968E-7BA7A9E0D9FE}.Release|Any CPU.Build.0 = Release|Any CPU
		{29AFD94B-1209-4DEB-87CA-ABDDFDA16E10}.Debug|Any CPU.ActiveCfg = Debug|Any CPU
		{29AFD94B-1209-4DEB-87CA-ABDDFDA16E10}.Debug|Any CPU.Build.0 = Debug|Any CPU
		{29AFD94B-1209-4DEB-87CA-ABDDFDA16E10}.Release|Any CPU.ActiveCfg = Release|Any CPU
		{29AFD94B-1209-4DEB-87CA-ABDDFDA16E10}.Release|Any CPU.Build.0 = Release|Any CPU
		{2EEC1784-6A26-4C92-84B3-1143C589061F}.Debug|Any CPU.ActiveCfg = Debug|Any CPU
		{2EEC1784-6A26-4C92-84B3-1143C589061F}.Debug|Any CPU.Build.0 = Debug|Any CPU
		{2EEC1784-6A26-4C92-84B3-1143C589061F}.Release|Any CPU.ActiveCfg = Release|Any CPU
		{2EEC1784-6A26-4C92-84B3-1143C589061F}.Release|Any CPU.Build.0 = Release|Any CPU
		{E2DB6BCF-FD3A-4B59-924B-AFCA8A847CB4}.Debug|Any CPU.ActiveCfg = Debug|Any CPU
		{E2DB6BCF-FD3A-4B59-924B-AFCA8A847CB4}.Debug|Any CPU.Build.0 = Debug|Any CPU
		{E2DB6BCF-FD3A-4B59-924B-AFCA8A847CB4}.Release|Any CPU.ActiveCfg = Release|Any CPU
		{E2DB6BCF-FD3A-4B59-924B-AFCA8A847CB4}.Release|Any CPU.Build.0 = Release|Any CPU
		{268B08D3-CE63-4F95-8BB7-E6D431065076}.Debug|Any CPU.ActiveCfg = Debug|Any CPU
		{268B08D3-CE63-4F95-8BB7-E6D431065076}.Debug|Any CPU.Build.0 = Debug|Any CPU
		{268B08D3-CE63-4F95-8BB7-E6D431065076}.Release|Any CPU.ActiveCfg = Release|Any CPU
		{268B08D3-CE63-4F95-8BB7-E6D431065076}.Release|Any CPU.Build.0 = Release|Any CPU
		{BF198A94-58C6-4691-B12A-446E2E6F9250}.Debug|Any CPU.ActiveCfg = Debug|Any CPU
		{BF198A94-58C6-4691-B12A-446E2E6F9250}.Debug|Any CPU.Build.0 = Debug|Any CPU
		{BF198A94-58C6-4691-B12A-446E2E6F9250}.Release|Any CPU.ActiveCfg = Release|Any CPU
		{BF198A94-58C6-4691-B12A-446E2E6F9250}.Release|Any CPU.Build.0 = Release|Any CPU
		{BADCD1C9-5D9A-4DBF-8606-773B8E56BBB7}.Debug|Any CPU.ActiveCfg = Debug|Any CPU
		{BADCD1C9-5D9A-4DBF-8606-773B8E56BBB7}.Debug|Any CPU.Build.0 = Debug|Any CPU
		{BADCD1C9-5D9A-4DBF-8606-773B8E56BBB7}.Release|Any CPU.ActiveCfg = Release|Any CPU
		{BADCD1C9-5D9A-4DBF-8606-773B8E56BBB7}.Release|Any CPU.Build.0 = Release|Any CPU
		{418F4BCC-8C1B-4378-AEEE-27CC59BBB613}.Debug|Any CPU.ActiveCfg = Debug|Any CPU
		{418F4BCC-8C1B-4378-AEEE-27CC59BBB613}.Debug|Any CPU.Build.0 = Debug|Any CPU
		{418F4BCC-8C1B-4378-AEEE-27CC59BBB613}.Release|Any CPU.ActiveCfg = Release|Any CPU
		{418F4BCC-8C1B-4378-AEEE-27CC59BBB613}.Release|Any CPU.Build.0 = Release|Any CPU
		{D6BA2AA0-740D-45FE-88F1-CB1C29D29037}.Debug|Any CPU.ActiveCfg = Debug|Any CPU
		{D6BA2AA0-740D-45FE-88F1-CB1C29D29037}.Debug|Any CPU.Build.0 = Debug|Any CPU
		{D6BA2AA0-740D-45FE-88F1-CB1C29D29037}.Release|Any CPU.ActiveCfg = Release|Any CPU
		{D6BA2AA0-740D-45FE-88F1-CB1C29D29037}.Release|Any CPU.Build.0 = Release|Any CPU
		{75DE873B-042F-4391-B38F-0DC66F1B5CEF}.Debug|Any CPU.ActiveCfg = Debug|Any CPU
		{75DE873B-042F-4391-B38F-0DC66F1B5CEF}.Debug|Any CPU.Build.0 = Debug|Any CPU
		{75DE873B-042F-4391-B38F-0DC66F1B5CEF}.Release|Any CPU.ActiveCfg = Release|Any CPU
		{75DE873B-042F-4391-B38F-0DC66F1B5CEF}.Release|Any CPU.Build.0 = Release|Any CPU
		{B8E95AC8-5491-48E0-BF0F-F4CFFD84F7FE}.Debug|Any CPU.ActiveCfg = Debug|Any CPU
		{B8E95AC8-5491-48E0-BF0F-F4CFFD84F7FE}.Debug|Any CPU.Build.0 = Debug|Any CPU
		{B8E95AC8-5491-48E0-BF0F-F4CFFD84F7FE}.Release|Any CPU.ActiveCfg = Release|Any CPU
		{B8E95AC8-5491-48E0-BF0F-F4CFFD84F7FE}.Release|Any CPU.Build.0 = Release|Any CPU
		{0853220E-63F6-4C6A-B28B-C7E41FE85743}.Debug|Any CPU.ActiveCfg = Debug|Any CPU
		{0853220E-63F6-4C6A-B28B-C7E41FE85743}.Debug|Any CPU.Build.0 = Debug|Any CPU
		{0853220E-63F6-4C6A-B28B-C7E41FE85743}.Release|Any CPU.ActiveCfg = Release|Any CPU
		{0853220E-63F6-4C6A-B28B-C7E41FE85743}.Release|Any CPU.Build.0 = Release|Any CPU
		{FEC91F12-3B87-46EB-8EF6-D0A5A6192B96}.Debug|Any CPU.ActiveCfg = Debug|Any CPU
		{FEC91F12-3B87-46EB-8EF6-D0A5A6192B96}.Debug|Any CPU.Build.0 = Debug|Any CPU
		{FEC91F12-3B87-46EB-8EF6-D0A5A6192B96}.Release|Any CPU.ActiveCfg = Release|Any CPU
		{FEC91F12-3B87-46EB-8EF6-D0A5A6192B96}.Release|Any CPU.Build.0 = Release|Any CPU
		{6CC74C0D-69E8-4E31-9FF4-1BFDDA246228}.Debug|Any CPU.ActiveCfg = Debug|Any CPU
		{6CC74C0D-69E8-4E31-9FF4-1BFDDA246228}.Debug|Any CPU.Build.0 = Debug|Any CPU
		{6CC74C0D-69E8-4E31-9FF4-1BFDDA246228}.Release|Any CPU.ActiveCfg = Release|Any CPU
		{6CC74C0D-69E8-4E31-9FF4-1BFDDA246228}.Release|Any CPU.Build.0 = Release|Any CPU
	EndGlobalSection
	GlobalSection(SolutionProperties) = preSolution
		HideSolutionNode = FALSE
	EndGlobalSection
	GlobalSection(ExtensibilityGlobals) = postSolution
		SolutionGuid = {D093B000-8F65-4FF0-B25F-7F2CBF4FA429}
	EndGlobalSection
EndGlobal
